
Microsoft Visual Studio Solution File, Format Version 12.00
# Visual Studio Version 16
VisualStudioVersion = 16.0.32228.343
MinimumVisualStudioVersion = 10.0.40219.1
Project("{9A19103F-16F7-4668-BE54-9A1E7A4F7556}") = "API.TaskManagement", "API.TaskManagement.csproj", "{35A14EF6-28A9-4C22-941F-08C294291D38}"
	ProjectSection(ProjectDependencies) = postProject
		{EF6B0CAE-FE60-4D95-801B-2269BCF9ED81} = {EF6B0CAE-FE60-4D95-801B-2269BCF9ED81}
	EndProjectSection
EndProject
Project("{9A19103F-16F7-4668-BE54-9A1E7A4F7556}") = "Library.TaskManagement.Standard", "..\TaskManagement\Library.TaskManagement.Standard\Library.TaskManagement.Standard.csproj", "{EF6B0CAE-FE60-4D95-801B-2269BCF9ED81}"
EndProject
Global
	GlobalSection(SolutionConfigurationPlatforms) = preSolution
		Debug|Any CPU = Debug|Any CPU
		Release|Any CPU = Release|Any CPU
	EndGlobalSection
	GlobalSection(ProjectConfigurationPlatforms) = postSolution
		{35A14EF6-28A9-4C22-941F-08C294291D38}.Debug|Any CPU.ActiveCfg = Debug|Any CPU
		{35A14EF6-28A9-4C22-941F-08C294291D38}.Debug|Any CPU.Build.0 = Debug|Any CPU
		{35A14EF6-28A9-4C22-941F-08C294291D38}.Release|Any CPU.ActiveCfg = Release|Any CPU
		{35A14EF6-28A9-4C22-941F-08C294291D38}.Release|Any CPU.Build.0 = Release|Any CPU
		{EF6B0CAE-FE60-4D95-801B-2269BCF9ED81}.Debug|Any CPU.ActiveCfg = Debug|Any CPU
		{EF6B0CAE-FE60-4D95-801B-2269BCF9ED81}.Debug|Any CPU.Build.0 = Debug|Any CPU
		{EF6B0CAE-FE60-4D95-801B-2269BCF9ED81}.Release|Any CPU.ActiveCfg = Release|Any CPU
		{EF6B0CAE-FE60-4D95-801B-2269BCF9ED81}.Release|Any CPU.Build.0 = Release|Any CPU
	EndGlobalSection
	GlobalSection(SolutionProperties) = preSolution
		HideSolutionNode = FALSE
	EndGlobalSection
	GlobalSection(ExtensibilityGlobals) = postSolution
		SolutionGuid = {7CE2889D-DCE2-4957-A786-C60AFE8E9588}
	EndGlobalSection
EndGlobal
